{
  "version": 4,
  "terraform_version": "1.6.3",
  "serial": 42,
  "lineage": "e7c80ada-5da1-fa6b-3b21-b6cd7476fb31",
  "outputs": {
    "cloud_worker_public_ip": {
      "value": "44.213.125.100",
      "type": "string"
    }
  },
  "resources": [
    {
      "mode": "data",
      "type": "aws_ami",
      "name": "ubuntu_jammy",
      "provider": "provider[\"registry.terraform.io/hashicorp/aws\"]",
      "instances": [
        {
          "schema_version": 0,
          "attributes": {
            "architecture": "x86_64",
            "arn": "arn:aws:ec2:us-east-1::image/ami-07a3add10195338ad",
            "block_device_mappings": [
              {
                "device_name": "/dev/sda1",
                "ebs": {
                  "delete_on_termination": "true",
                  "encrypted": "false",
                  "iops": "0",
                  "snapshot_id": "snap-00f414d0be0188761",
                  "throughput": "0",
                  "volume_initialization_rate": "0",
                  "volume_size": "8",
                  "volume_type": "gp2"
                },
                "no_device": "",
                "virtual_name": ""
              },
              {
                "device_name": "/dev/sdb",
                "ebs": {},
                "no_device": "",
                "virtual_name": "ephemeral0"
              },
              {
                "device_name": "/dev/sdc",
                "ebs": {},
                "no_device": "",
                "virtual_name": "ephemeral1"
              }
            ],
            "boot_mode": "uefi-preferred",
            "creation_date": "2025-10-01T06:46:53.000Z",
            "deprecation_time": "2027-10-01T06:46:53.000Z",
            "description": "Canonical, Ubuntu, 22.04, amd64 jammy image",
            "ena_support": true,
            "executable_users": null,
            "filter": [
              {
                "name": "name",
                "values": [
                  "ubuntu/images/hvm-ssd/ubuntu-jammy-22.04-amd64-server-*"
                ]
              },
              {
                "name": "virtualization-type",
                "values": [
                  "hvm"
                ]
              }
            ],
            "hypervisor": "xen",
            "id": "ami-07a3add10195338ad",
            "image_id": "ami-07a3add10195338ad",
            "image_location": "amazon/ubuntu/images/hvm-ssd/ubuntu-jammy-22.04-amd64-server-20251001",
            "image_owner_alias": "amazon",
            "image_type": "machine",
            "imds_support": "",
            "include_deprecated": false,
            "kernel_id": "",
            "last_launched_time": "",
            "most_recent": true,
            "name": "ubuntu/images/hvm-ssd/ubuntu-jammy-22.04-amd64-server-20251001",
            "name_regex": null,
            "owner_id": "099720109477",
            "owners": [
              "099720109477"
            ],
            "platform": "",
            "platform_details": "Linux/UNIX",
            "product_codes": [],
            "public": true,
            "ramdisk_id": "",
            "root_device_name": "/dev/sda1",
            "root_device_type": "ebs",
            "root_snapshot_id": "snap-00f414d0be0188761",
            "sriov_net_support": "simple",
            "state": "available",
            "state_reason": {
              "code": "UNSET",
              "message": "UNSET"
            },
            "tags": {},
            "timeouts": null,
            "tpm_support": "",
            "uefi_data": null,
            "usage_operation": "RunInstances",
            "virtualization_type": "hvm"
          },
          "sensitive_attributes": []
        }
      ]
    },
    {
      "mode": "data",
      "type": "aws_subnets",
      "name": "in_default_vpc",
      "provider": "provider[\"registry.terraform.io/hashicorp/aws\"]",
      "instances": [
        {
          "schema_version": 0,
          "attributes": {
            "filter": [
              {
                "name": "vpc-id",
                "values": [
                  "vpc-0184def89efef8f8d"
                ]
              }
            ],
            "id": "us-east-1",
            "ids": [
              "subnet-01d598c8cf3b48d44",
              "subnet-0f1c0bc2127b4f01e",
              "subnet-028e9ebe24d339e65",
              "subnet-054ef6ee64e50636c",
              "subnet-090a8aa5eb6f6a44c",
              "subnet-0745997b097671231"
            ],
            "tags": null,
            "timeouts": null
          },
          "sensitive_attributes": []
        }
      ]
    },
    {
      "mode": "data",
      "type": "aws_vpc",
      "name": "default",
      "provider": "provider[\"registry.terraform.io/hashicorp/aws\"]",
      "instances": [
        {
          "schema_version": 0,
          "attributes": {
            "arn": "arn:aws:ec2:us-east-1:404344370012:vpc/vpc-0184def89efef8f8d",
            "cidr_block": "172.31.0.0/16",
            "cidr_block_associations": [
              {
                "association_id": "vpc-cidr-assoc-02950d5ed85d9b621",
                "cidr_block": "172.31.0.0/16",
                "state": "associated"
              }
            ],
            "default": true,
            "dhcp_options_id": "dopt-01f8fa1a82cefb649",
            "enable_dns_hostnames": true,
            "enable_dns_support": true,
            "enable_network_address_usage_metrics": false,
            "filter": null,
            "id": "vpc-0184def89efef8f8d",
            "instance_tenancy": "default",
            "ipv6_association_id": "",
            "ipv6_cidr_block": "",
            "main_route_table_id": "rtb-03d6ee9747b302b5c",
            "owner_id": "404344370012",
            "state": null,
            "tags": {
              "Name": "Default"
            },
            "timeouts": null
          },
          "sensitive_attributes": []
        }
      ]
    },
    {
      "mode": "data",
      "type": "http",
      "name": "myip",
      "provider": "provider[\"registry.terraform.io/hashicorp/http\"]",
      "instances": [
        {
          "schema_version": 0,
          "attributes": {
            "body": "99.104.135.61",
            "ca_cert_pem": null,
            "client_cert_pem": null,
            "client_key_pem": null,
            "id": "https://api.ipify.org",
            "insecure": null,
            "method": null,
            "request_body": null,
            "request_headers": null,
            "request_timeout_ms": null,
            "response_body": "99.104.135.61",
            "response_body_base64": "OTkuMTA0LjEzNS42MQ==",
            "response_headers": {
              "Cf-Cache-Status": "DYNAMIC",
              "Cf-Ray": "98b1947deeffbd1b-ATL",
              "Content-Type": "text/plain",
              "Date": "Wed, 08 Oct 2025 00:39:14 GMT",
              "Server": "cloudflare",
              "Vary": "Origin"
            },
            "retry": null,
            "status_code": 200,
            "url": "https://api.ipify.org"
          },
          "sensitive_attributes": []
        }
      ]
    },
    {
      "mode": "managed",
      "type": "aws_key_pair",
      "name": "main",
      "provider": "provider[\"registry.terraform.io/hashicorp/aws\"]",
      "instances": [
        {
          "schema_version": 1,
          "attributes": {
            "arn": "arn:aws:ec2:us-east-1:404344370012:key-pair/allenwayne-main",
            "fingerprint": "6++/o0ZJG8GdtQD6N2hgboe9B5qnhsuZrpZeomF0MGU=",
            "id": "allenwayne-main",
            "key_name": "allenwayne-main",
            "key_name_prefix": "",
            "key_pair_id": "key-0f01e6b6ee1c650cb",
            "key_type": "ed25519",
            "public_key": "ssh-ed25519 AAAAC3NzaC1lZDI1NTE5AAAAIJdHfA0UuIzPVL57Gy8gmAo03llvFTklxaug3y/GyZUJ wayne@pc",
            "tags": {},
            "tags_all": {}
          },
          "sensitive_attributes": [],
          "private": "eyJzY2hlbWFfdmVyc2lvbiI6IjEifQ=="
        }
      ]
    },
    {
      "mode": "managed",
      "type": "aws_security_group",
      "name": "cloud_worker_sg",
      "provider": "provider[\"registry.terraform.io/hashicorp/aws\"]",
      "instances": [
        {
          "schema_version": 1,
          "attributes": {
            "arn": "arn:aws:ec2:us-east-1:404344370012:security-group/sg-0a7dbc4448bb6870f",
            "description": "SG for K3s cloud worker",
            "egress": [
              {
                "cidr_blocks": [
                  "0.0.0.0/0"
                ],
                "description": "All egress",
                "from_port": 0,
                "ipv6_cidr_blocks": [],
                "prefix_list_ids": [],
                "protocol": "-1",
                "security_groups": [],
                "self": false,
                "to_port": 0
              }
            ],
            "id": "sg-0a7dbc4448bb6870f",
            "ingress": [
              {
                "cidr_blocks": [
                  "99.104.135.61/32"
                ],
                "description": "SSH from my IP",
                "from_port": 22,
                "ipv6_cidr_blocks": [],
                "prefix_list_ids": [],
                "protocol": "tcp",
                "security_groups": [],
                "self": false,
                "to_port": 22
              }
            ],
            "name": "cloud-worker-1-sg",
            "name_prefix": "",
            "owner_id": "404344370012",
            "revoke_rules_on_delete": false,
            "tags": {
              "Env": "home",
              "Name": "cloud-worker-1-sg",
              "Owner": "allenwayne",
              "Project": "iot"
            },
            "tags_all": {
              "Env": "home",
              "Name": "cloud-worker-1-sg",
              "Owner": "allenwayne",
              "Project": "iot"
            },
            "timeouts": null,
            "vpc_id": "vpc-0184def89efef8f8d"
          },
          "sensitive_attributes": [],
          "private": "eyJlMmJmYjczMC1lY2FhLTExZTYtOGY4OC0zNDM2M2JjN2M0YzAiOnsiY3JlYXRlIjo2MDAwMDAwMDAwMDAsImRlbGV0ZSI6OTAwMDAwMDAwMDAwfSwic2NoZW1hX3ZlcnNpb24iOiIxIn0=",
          "dependencies": [
            "data.aws_vpc.default"
          ]
        }
      ]
    },
    {
      "mode": "managed",
      "type": "random_password",
      "name": "grafana_admin",
      "provider": "provider[\"registry.terraform.io/hashicorp/random\"]",
      "instances": [
        {
          "schema_version": 3,
          "attributes": {
            "bcrypt_hash": "$2a$10$OiJiHgw9gNL9KXvFYTbEp.8YvvFYHpnRPyC6zIQTgi4P8C6TF.YAy",
            "id": "none",
            "keepers": null,
            "length": 24,
            "lower": true,
            "min_lower": 0,
            "min_numeric": 0,
            "min_special": 0,
            "min_upper": 0,
            "number": true,
            "numeric": true,
            "override_special": null,
            "result": "3Az1fc{xzzxd:yQ$\u00260)gKC-e",
            "special": true,
            "upper": true
          },
          "sensitive_attributes": []
        }
      ]
    }
  ],
  "check_results": null
}
